
Microsoft Visual Studio Solution File, Format Version 12.00
# Visual Studio Version 16
VisualStudioVersion = 16.0.28922.388
MinimumVisualStudioVersion = 10.0.40219.1
Project("{FAE04EC0-301F-11D3-BF4B-00C04F79EFBC}") = "Chinook.WebApi", "Chinook\Chinook.WebApi.csproj", "{8C1078B4-870E-4C1A-936B-F065E6522088}"
EndProject
Project("{FAE04EC0-301F-11D3-BF4B-00C04F79EFBC}") = "Chinook.WebApi.Repository", "Chinook.WebApi.Repository\Chinook.WebApi.Repository.csproj", "{D5E811A5-8D9F-44D4-B20C-146C02A98DF6}"
EndProject
Project("{FAE04EC0-301F-11D3-BF4B-00C04F79EFBC}") = "Chinook.WebApi.Repository.SqlServer", "Chinook.WebApi.Repository.SqlServer\Chinook.WebApi.Repository.SqlServer.csproj", "{3F5E086A-5DA4-4D3B-8AFF-C07E796C4E73}"
EndProject
Project("{FAE04EC0-301F-11D3-BF4B-00C04F79EFBC}") = "Chinook.WebApi.Repository.MySql", "Chinook.WebApi.Repository.MySql\Chinook.WebApi.Repository.MySql.csproj", "{890C41BC-433F-4AD8-9B47-161FACEF5DA5}"
EndProject
Project("{FAE04EC0-301F-11D3-BF4B-00C04F79EFBC}") = "Chinook.WebApi.Models", "Chinook.WebApi.Models\Chinook.WebApi.Models.csproj", "{3FADCD26-F0FA-468B-87CD-4BC565E172B0}"
EndProject
Global
	GlobalSection(SolutionConfigurationPlatforms) = preSolution
		Debug|Any CPU = Debug|Any CPU
		Release|Any CPU = Release|Any CPU
	EndGlobalSection
	GlobalSection(ProjectConfigurationPlatforms) = postSolution
		{8C1078B4-870E-4C1A-936B-F065E6522088}.Debug|Any CPU.ActiveCfg = Debug|Any CPU
		{8C1078B4-870E-4C1A-936B-F065E6522088}.Debug|Any CPU.Build.0 = Debug|Any CPU
		{8C1078B4-870E-4C1A-936B-F065E6522088}.Release|Any CPU.ActiveCfg = Release|Any CPU
		{8C1078B4-870E-4C1A-936B-F065E6522088}.Release|Any CPU.Build.0 = Release|Any CPU
		{D5E811A5-8D9F-44D4-B20C-146C02A98DF6}.Debug|Any CPU.ActiveCfg = Debug|Any CPU
		{D5E811A5-8D9F-44D4-B20C-146C02A98DF6}.Debug|Any CPU.Build.0 = Debug|Any CPU
		{D5E811A5-8D9F-44D4-B20C-146C02A98DF6}.Release|Any CPU.ActiveCfg = Release|Any CPU
		{D5E811A5-8D9F-44D4-B20C-146C02A98DF6}.Release|Any CPU.Build.0 = Release|Any CPU
		{3F5E086A-5DA4-4D3B-8AFF-C07E796C4E73}.Debug|Any CPU.ActiveCfg = Debug|Any CPU
		{3F5E086A-5DA4-4D3B-8AFF-C07E796C4E73}.Debug|Any CPU.Build.0 = Debug|Any CPU
		{3F5E086A-5DA4-4D3B-8AFF-C07E796C4E73}.Release|Any CPU.ActiveCfg = Release|Any CPU
		{3F5E086A-5DA4-4D3B-8AFF-C07E796C4E73}.Release|Any CPU.Build.0 = Release|Any CPU
		{890C41BC-433F-4AD8-9B47-161FACEF5DA5}.Debug|Any CPU.ActiveCfg = Debug|Any CPU
		{890C41BC-433F-4AD8-9B47-161FACEF5DA5}.Debug|Any CPU.Build.0 = Debug|Any CPU
		{890C41BC-433F-4AD8-9B47-161FACEF5DA5}.Release|Any CPU.ActiveCfg = Release|Any CPU
		{890C41BC-433F-4AD8-9B47-161FACEF5DA5}.Release|Any CPU.Build.0 = Release|Any CPU
		{3FADCD26-F0FA-468B-87CD-4BC565E172B0}.Debug|Any CPU.ActiveCfg = Debug|Any CPU
		{3FADCD26-F0FA-468B-87CD-4BC565E172B0}.Debug|Any CPU.Build.0 = Debug|Any CPU
		{3FADCD26-F0FA-468B-87CD-4BC565E172B0}.Release|Any CPU.ActiveCfg = Release|Any CPU
		{3FADCD26-F0FA-468B-87CD-4BC565E172B0}.Release|Any CPU.Build.0 = Release|Any CPU
	EndGlobalSection
	GlobalSection(SolutionProperties) = preSolution
		HideSolutionNode = FALSE
	EndGlobalSection
	GlobalSection(ExtensibilityGlobals) = postSolution
		SolutionGuid = {8E8F3B5F-A321-4705-A23A-D645DA7AA501}
	EndGlobalSection
EndGlobal
